
Microsoft Visual Studio Solution File, Format Version 12.00
# Visual Studio Version 17
VisualStudioVersion = 17.0.31612.314
MinimumVisualStudioVersion = 10.0.40219.1
Project("{FAE04EC0-301F-11D3-BF4B-00C04F79EFBC}") = "OkpChecker", "OkpChecker\OkpChecker.csproj", "{093CEC65-0B64-4B07-AE1F-B314B6B9064E}"
EndProject
Global
	GlobalSection(SolutionConfigurationPlatforms) = preSolution
		Debug|Any CPU = Debug|Any CPU
		Release|Any CPU = Release|Any CPU
	EndGlobalSection
	GlobalSection(ProjectConfigurationPlatforms) = postSolution
		{093CEC65-0B64-4B07-AE1F-B314B6B9064E}.Debug|Any CPU.ActiveCfg = Debug|Any CPU
		{093CEC65-0B64-4B07-AE1F-B314B6B9064E}.Debug|Any CPU.Build.0 = Debug|Any CPU
		{093CEC65-0B64-4B07-AE1F-B314B6B9064E}.Release|Any CPU.ActiveCfg = Release|Any CPU
		{093CEC65-0B64-4B07-AE1F-B314B6B9064E}.Release|Any CPU.Build.0 = Release|Any CPU
	EndGlobalSection
	GlobalSection(SolutionProperties) = preSolution
		HideSolutionNode = FALSE
	EndGlobalSection
	GlobalSection(ExtensibilityGlobals) = postSolution
		SolutionGuid = {462E22FF-9F39-411E-97FE-F2A96E392B7E}
	EndGlobalSection
EndGlobal
